// !$*UTF8*$!
{
	archiveVersion = 1;
	classes = {
	};
	objectVersion = 46;
	objects = {

/* Begin PBXBuildFile section */
		28356AC269063E5E0D8DC52C /* Pods_unsplashingUITests.framework in Frameworks */ = {isa = PBXBuildFile; fileRef = 1AB0902E1720B65FE67F7613 /* Pods_unsplashingUITests.framework */; };
		A61DCEBF1F0F40D30072E5C9 /* TodayStatsViewController.swift in Sources */ = {isa = PBXBuildFile; fileRef = A61DCEBE1F0F40D30072E5C9 /* TodayStatsViewController.swift */; };
		A6358D82209807B200721C00 /* GoogleService-Info.plist in Resources */ = {isa = PBXBuildFile; fileRef = A6358D81209807B200721C00 /* GoogleService-Info.plist */; };
		A675B9401F01F99600AD9219 /* AppDelegate.swift in Sources */ = {isa = PBXBuildFile; fileRef = A675B93F1F01F99600AD9219 /* AppDelegate.swift */; };
		A675B9451F01F99600AD9219 /* Main.storyboard in Resources */ = {isa = PBXBuildFile; fileRef = A675B9431F01F99600AD9219 /* Main.storyboard */; };
		A675B9471F01F99600AD9219 /* Assets.xcassets in Resources */ = {isa = PBXBuildFile; fileRef = A675B9461F01F99600AD9219 /* Assets.xcassets */; };
		A675B94A1F01F99600AD9219 /* LaunchScreen.storyboard in Resources */ = {isa = PBXBuildFile; fileRef = A675B9481F01F99600AD9219 /* LaunchScreen.storyboard */; };
		A675B9551F01F99600AD9219 /* unsplashingTests.swift in Sources */ = {isa = PBXBuildFile; fileRef = A675B9541F01F99600AD9219 /* unsplashingTests.swift */; };
		A675B9601F01F99600AD9219 /* unsplashingUITests.swift in Sources */ = {isa = PBXBuildFile; fileRef = A675B95F1F01F99600AD9219 /* unsplashingUITests.swift */; };
		A675B96E1F048F4300AD9219 /* addFoodPop.swift in Sources */ = {isa = PBXBuildFile; fileRef = A675B96D1F048F4300AD9219 /* addFoodPop.swift */; };
		A6DE104A20D34C4600110661 /* Meal.swift in Sources */ = {isa = PBXBuildFile; fileRef = A6DE104920D34C4600110661 /* Meal.swift */; };
		A6DE105220D3530900110661 /* MealDetailViewController.swift in Sources */ = {isa = PBXBuildFile; fileRef = A6DE105120D3530900110661 /* MealDetailViewController.swift */; };
		A6DE105620D35D3400110661 /* MealViewCell.swift in Sources */ = {isa = PBXBuildFile; fileRef = A6DE105520D35D3400110661 /* MealViewCell.swift */; };
		BA14CE397F95D56918CA02B3 /* Pods_unsplashing.framework in Frameworks */ = {isa = PBXBuildFile; fileRef = 90047D9EBB014D7B4E50AE9E /* Pods_unsplashing.framework */; };
		F9DB562D4695F398F2A1EC0B /* Pods_unsplashingTests.framework in Frameworks */ = {isa = PBXBuildFile; fileRef = FA8EF775E07306E66D4E7CBC /* Pods_unsplashingTests.framework */; };
/* End PBXBuildFile section */

/* Begin PBXContainerItemProxy section */
		A675B9511F01F99600AD9219 /* PBXContainerItemProxy */ = {
			isa = PBXContainerItemProxy;
			containerPortal = A675B9341F01F99500AD9219 /* Project object */;
			proxyType = 1;
			remoteGlobalIDString = A675B93B1F01F99500AD9219;
			remoteInfo = unsplashing;
		};
		A675B95C1F01F99600AD9219 /* PBXContainerItemProxy */ = {
			isa = PBXContainerItemProxy;
			containerPortal = A675B9341F01F99500AD9219 /* Project object */;
			proxyType = 1;
			remoteGlobalIDString = A675B93B1F01F99500AD9219;
			remoteInfo = unsplashing;
		};
/* End PBXContainerItemProxy section */

/* Begin PBXFileReference section */
		1AB0902E1720B65FE67F7613 /* Pods_unsplashingUITests.framework */ = {isa = PBXFileReference; explicitFileType = wrapper.framework; includeInIndex = 0; path = Pods_unsplashingUITests.framework; sourceTree = BUILT_PRODUCTS_DIR; };
		5B2F8B2272F9D9BA8FBDC60F /* Pods-unsplashingTests.debug.xcconfig */ = {isa = PBXFileReference; includeInIndex = 1; lastKnownFileType = text.xcconfig; name = "Pods-unsplashingTests.debug.xcconfig"; path = "Pods/Target Support Files/Pods-unsplashingTests/Pods-unsplashingTests.debug.xcconfig"; sourceTree = "<group>"; };
		72DCF02915A345975DDC6A34 /* Pods-unsplashingUITests.release.xcconfig */ = {isa = PBXFileReference; includeInIndex = 1; lastKnownFileType = text.xcconfig; name = "Pods-unsplashingUITests.release.xcconfig"; path = "Pods/Target Support Files/Pods-unsplashingUITests/Pods-unsplashingUITests.release.xcconfig"; sourceTree = "<group>"; };
		8621DECEECF9004B6E1215A1 /* Pods-unsplashingUITests.debug.xcconfig */ = {isa = PBXFileReference; includeInIndex = 1; lastKnownFileType = text.xcconfig; name = "Pods-unsplashingUITests.debug.xcconfig"; path = "Pods/Target Support Files/Pods-unsplashingUITests/Pods-unsplashingUITests.debug.xcconfig"; sourceTree = "<group>"; };
		90047D9EBB014D7B4E50AE9E /* Pods_unsplashing.framework */ = {isa = PBXFileReference; explicitFileType = wrapper.framework; includeInIndex = 0; path = Pods_unsplashing.framework; sourceTree = BUILT_PRODUCTS_DIR; };
		A61DCEBE1F0F40D30072E5C9 /* TodayStatsViewController.swift */ = {isa = PBXFileReference; fileEncoding = 4; lastKnownFileType = sourcecode.swift; path = TodayStatsViewController.swift; sourceTree = "<group>"; };
		A6358D81209807B200721C00 /* GoogleService-Info.plist */ = {isa = PBXFileReference; fileEncoding = 4; lastKnownFileType = text.plist.xml; name = "GoogleService-Info.plist"; path = "../../../../../Downloads/GoogleService-Info.plist"; sourceTree = "<group>"; };
		A675B93C1F01F99600AD9219 /* unsplashing.app */ = {isa = PBXFileReference; explicitFileType = wrapper.application; includeInIndex = 0; path = unsplashing.app; sourceTree = BUILT_PRODUCTS_DIR; };
		A675B93F1F01F99600AD9219 /* AppDelegate.swift */ = {isa = PBXFileReference; lastKnownFileType = sourcecode.swift; path = AppDelegate.swift; sourceTree = "<group>"; };
		A675B9441F01F99600AD9219 /* Base */ = {isa = PBXFileReference; lastKnownFileType = file.storyboard; name = Base; path = Base.lproj/Main.storyboard; sourceTree = "<group>"; };
		A675B9461F01F99600AD9219 /* Assets.xcassets */ = {isa = PBXFileReference; lastKnownFileType = folder.assetcatalog; path = Assets.xcassets; sourceTree = "<group>"; };
		A675B9491F01F99600AD9219 /* Base */ = {isa = PBXFileReference; lastKnownFileType = file.storyboard; name = Base; path = Base.lproj/LaunchScreen.storyboard; sourceTree = "<group>"; };
		A675B94B1F01F99600AD9219 /* Info.plist */ = {isa = PBXFileReference; lastKnownFileType = text.plist.xml; path = Info.plist; sourceTree = "<group>"; };
		A675B9501F01F99600AD9219 /* unsplashingTests.xctest */ = {isa = PBXFileReference; explicitFileType = wrapper.cfbundle; includeInIndex = 0; path = unsplashingTests.xctest; sourceTree = BUILT_PRODUCTS_DIR; };
		A675B9541F01F99600AD9219 /* unsplashingTests.swift */ = {isa = PBXFileReference; lastKnownFileType = sourcecode.swift; path = unsplashingTests.swift; sourceTree = "<group>"; };
		A675B9561F01F99600AD9219 /* Info.plist */ = {isa = PBXFileReference; lastKnownFileType = text.plist.xml; path = Info.plist; sourceTree = "<group>"; };
		A675B95B1F01F99600AD9219 /* unsplashingUITests.xctest */ = {isa = PBXFileReference; explicitFileType = wrapper.cfbundle; includeInIndex = 0; path = unsplashingUITests.xctest; sourceTree = BUILT_PRODUCTS_DIR; };
		A675B95F1F01F99600AD9219 /* unsplashingUITests.swift */ = {isa = PBXFileReference; lastKnownFileType = sourcecode.swift; path = unsplashingUITests.swift; sourceTree = "<group>"; };
		A675B9611F01F99600AD9219 /* Info.plist */ = {isa = PBXFileReference; lastKnownFileType = text.plist.xml; path = Info.plist; sourceTree = "<group>"; };
		A675B96D1F048F4300AD9219 /* addFoodPop.swift */ = {isa = PBXFileReference; fileEncoding = 4; lastKnownFileType = sourcecode.swift; path = addFoodPop.swift; sourceTree = "<group>"; };
		A6DE104920D34C4600110661 /* Meal.swift */ = {isa = PBXFileReference; lastKnownFileType = sourcecode.swift; path = Meal.swift; sourceTree = "<group>"; };
		A6DE104B20D352C800110661 /* unsplashing-Bridging-Header.h */ = {isa = PBXFileReference; lastKnownFileType = sourcecode.c.h; path = "unsplashing-Bridging-Header.h"; sourceTree = "<group>"; };
		A6DE105120D3530900110661 /* MealDetailViewController.swift */ = {isa = PBXFileReference; lastKnownFileType = sourcecode.swift; path = MealDetailViewController.swift; sourceTree = "<group>"; };
		A6DE105520D35D3400110661 /* MealViewCell.swift */ = {isa = PBXFileReference; lastKnownFileType = sourcecode.swift; path = MealViewCell.swift; sourceTree = "<group>"; };
		B4EA2D46C89A9C96C5538912 /* Pods-unsplashingTests.release.xcconfig */ = {isa = PBXFileReference; includeInIndex = 1; lastKnownFileType = text.xcconfig; name = "Pods-unsplashingTests.release.xcconfig"; path = "Pods/Target Support Files/Pods-unsplashingTests/Pods-unsplashingTests.release.xcconfig"; sourceTree = "<group>"; };
		DFA07AAF36C8F9ABC504ED1E /* Pods-unsplashing.debug.xcconfig */ = {isa = PBXFileReference; includeInIndex = 1; lastKnownFileType = text.xcconfig; name = "Pods-unsplashing.debug.xcconfig"; path = "Pods/Target Support Files/Pods-unsplashing/Pods-unsplashing.debug.xcconfig"; sourceTree = "<group>"; };
		E815003D8EF62ABD9B4D9CA9 /* Pods-unsplashing.release.xcconfig */ = {isa = PBXFileReference; includeInIndex = 1; lastKnownFileType = text.xcconfig; name = "Pods-unsplashing.release.xcconfig"; path = "Pods/Target Support Files/Pods-unsplashing/Pods-unsplashing.release.xcconfig"; sourceTree = "<group>"; };
		FA8EF775E07306E66D4E7CBC /* Pods_unsplashingTests.framework */ = {isa = PBXFileReference; explicitFileType = wrapper.framework; includeInIndex = 0; path = Pods_unsplashingTests.framework; sourceTree = BUILT_PRODUCTS_DIR; };
/* End PBXFileReference section */

/* Begin PBXFrameworksBuildPhase section */
		A675B9391F01F99500AD9219 /* Frameworks */ = {
			isa = PBXFrameworksBuildPhase;
			buildActionMask = 2147483647;
			files = (
				BA14CE397F95D56918CA02B3 /* Pods_unsplashing.framework in Frameworks */,
			);
			runOnlyForDeploymentPostprocessing = 0;
		};
		A675B94D1F01F99600AD9219 /* Frameworks */ = {
			isa = PBXFrameworksBuildPhase;
			buildActionMask = 2147483647;
			files = (
				F9DB562D4695F398F2A1EC0B /* Pods_unsplashingTests.framework in Frameworks */,
			);
			runOnlyForDeploymentPostprocessing = 0;
		};
		A675B9581F01F99600AD9219 /* Frameworks */ = {
			isa = PBXFrameworksBuildPhase;
			buildActionMask = 2147483647;
			files = (
				28356AC269063E5E0D8DC52C /* Pods_unsplashingUITests.framework in Frameworks */,
			);
			runOnlyForDeploymentPostprocessing = 0;
		};
/* End PBXFrameworksBuildPhase section */

/* Begin PBXGroup section */
		1EE0CF4AB37C748A5AF123E4 /* Pods */ = {
			isa = PBXGroup;
			children = (
				DFA07AAF36C8F9ABC504ED1E /* Pods-unsplashing.debug.xcconfig */,
				E815003D8EF62ABD9B4D9CA9 /* Pods-unsplashing.release.xcconfig */,
				5B2F8B2272F9D9BA8FBDC60F /* Pods-unsplashingTests.debug.xcconfig */,
				B4EA2D46C89A9C96C5538912 /* Pods-unsplashingTests.release.xcconfig */,
				8621DECEECF9004B6E1215A1 /* Pods-unsplashingUITests.debug.xcconfig */,
				72DCF02915A345975DDC6A34 /* Pods-unsplashingUITests.release.xcconfig */,
			);
			name = Pods;
			sourceTree = "<group>";
		};
		56888CBE328B45618A17BB7B /* Frameworks */ = {
			isa = PBXGroup;
			children = (
				90047D9EBB014D7B4E50AE9E /* Pods_unsplashing.framework */,
				FA8EF775E07306E66D4E7CBC /* Pods_unsplashingTests.framework */,
				1AB0902E1720B65FE67F7613 /* Pods_unsplashingUITests.framework */,
			);
			name = Frameworks;
			sourceTree = "<group>";
		};
		A675B9331F01F99500AD9219 = {
			isa = PBXGroup;
			children = (
				A675B93E1F01F99600AD9219 /* unsplashing */,
				A675B9531F01F99600AD9219 /* unsplashingTests */,
				A675B95E1F01F99600AD9219 /* unsplashingUITests */,
				A675B93D1F01F99600AD9219 /* Products */,
				1EE0CF4AB37C748A5AF123E4 /* Pods */,
				56888CBE328B45618A17BB7B /* Frameworks */,
			);
			sourceTree = "<group>";
		};
		A675B93D1F01F99600AD9219 /* Products */ = {
			isa = PBXGroup;
			children = (
				A675B93C1F01F99600AD9219 /* unsplashing.app */,
				A675B9501F01F99600AD9219 /* unsplashingTests.xctest */,
				A675B95B1F01F99600AD9219 /* unsplashingUITests.xctest */,
			);
			name = Products;
			sourceTree = "<group>";
		};
		A675B93E1F01F99600AD9219 /* unsplashing */ = {
			isa = PBXGroup;
			children = (
				A6DE104820D34C3100110661 /* Models */,
				A6358D81209807B200721C00 /* GoogleService-Info.plist */,
				A61DCEBE1F0F40D30072E5C9 /* TodayStatsViewController.swift */,
				A675B96D1F048F4300AD9219 /* addFoodPop.swift */,
				A675B93F1F01F99600AD9219 /* AppDelegate.swift */,
				A675B9431F01F99600AD9219 /* Main.storyboard */,
				A675B9461F01F99600AD9219 /* Assets.xcassets */,
				A675B9481F01F99600AD9219 /* LaunchScreen.storyboard */,
				A675B94B1F01F99600AD9219 /* Info.plist */,
				A6DE104B20D352C800110661 /* unsplashing-Bridging-Header.h */,
				A6DE105120D3530900110661 /* MealDetailViewController.swift */,
				A6DE105520D35D3400110661 /* MealViewCell.swift */,
			);
			path = unsplashing;
			sourceTree = "<group>";
		};
		A675B9531F01F99600AD9219 /* unsplashingTests */ = {
			isa = PBXGroup;
			children = (
				A675B9541F01F99600AD9219 /* unsplashingTests.swift */,
				A675B9561F01F99600AD9219 /* Info.plist */,
			);
			path = unsplashingTests;
			sourceTree = "<group>";
		};
		A675B95E1F01F99600AD9219 /* unsplashingUITests */ = {
			isa = PBXGroup;
			children = (
				A675B95F1F01F99600AD9219 /* unsplashingUITests.swift */,
				A675B9611F01F99600AD9219 /* Info.plist */,
			);
			path = unsplashingUITests;
			sourceTree = "<group>";
		};
		A6DE104820D34C3100110661 /* Models */ = {
			isa = PBXGroup;
			children = (
				A6DE104920D34C4600110661 /* Meal.swift */,
			);
			path = Models;
			sourceTree = "<group>";
		};
/* End PBXGroup section */

/* Begin PBXNativeTarget section */
		A675B93B1F01F99500AD9219 /* unsplashing */ = {
			isa = PBXNativeTarget;
			buildConfigurationList = A675B9641F01F99600AD9219 /* Build configuration list for PBXNativeTarget "unsplashing" */;
			buildPhases = (
				5B18A2E06C9B069BD43297BE /* [CP] Check Pods Manifest.lock */,
				A675B9381F01F99500AD9219 /* Sources */,
				A675B9391F01F99500AD9219 /* Frameworks */,
				A675B93A1F01F99500AD9219 /* Resources */,
				954BC3EA184FA76521CC5366 /* [CP] Embed Pods Frameworks */,
			);
			buildRules = (
			);
			dependencies = (
			);
			name = unsplashing;
			productName = unsplashing;
			productReference = A675B93C1F01F99600AD9219 /* unsplashing.app */;
			productType = "com.apple.product-type.application";
		};
		A675B94F1F01F99600AD9219 /* unsplashingTests */ = {
			isa = PBXNativeTarget;
			buildConfigurationList = A675B9671F01F99600AD9219 /* Build configuration list for PBXNativeTarget "unsplashingTests" */;
			buildPhases = (
				5D2C5F0D331F78F894891A7A /* [CP] Check Pods Manifest.lock */,
				A675B94C1F01F99600AD9219 /* Sources */,
				A675B94D1F01F99600AD9219 /* Frameworks */,
				A675B94E1F01F99600AD9219 /* Resources */,
			);
			buildRules = (
			);
			dependencies = (
				A675B9521F01F99600AD9219 /* PBXTargetDependency */,
			);
			name = unsplashingTests;
			productName = unsplashingTests;
			productReference = A675B9501F01F99600AD9219 /* unsplashingTests.xctest */;
			productType = "com.apple.product-type.bundle.unit-test";
		};
		A675B95A1F01F99600AD9219 /* unsplashingUITests */ = {
			isa = PBXNativeTarget;
			buildConfigurationList = A675B96A1F01F99600AD9219 /* Build configuration list for PBXNativeTarget "unsplashingUITests" */;
			buildPhases = (
				D57AC037ED4D85E27398510D /* [CP] Check Pods Manifest.lock */,
				A675B9571F01F99600AD9219 /* Sources */,
				A675B9581F01F99600AD9219 /* Frameworks */,
				A675B9591F01F99600AD9219 /* Resources */,
			);
			buildRules = (
			);
			dependencies = (
				A675B95D1F01F99600AD9219 /* PBXTargetDependency */,
			);
			name = unsplashingUITests;
			productName = unsplashingUITests;
			productReference = A675B95B1F01F99600AD9219 /* unsplashingUITests.xctest */;
			productType = "com.apple.product-type.bundle.ui-testing";
		};
/* End PBXNativeTarget section */

/* Begin PBXProject section */
		A675B9341F01F99500AD9219 /* Project object */ = {
			isa = PBXProject;
			attributes = {
				LastSwiftUpdateCheck = 0820;
				LastUpgradeCheck = 0820;
				ORGANIZATIONNAME = NC;
				TargetAttributes = {
					A675B93B1F01F99500AD9219 = {
						CreatedOnToolsVersion = 8.2.1;
						DevelopmentTeam = 82Y7XLZ8VX;
						LastSwiftMigration = 1000;
						ProvisioningStyle = Automatic;
					};
					A675B94F1F01F99600AD9219 = {
						CreatedOnToolsVersion = 8.2.1;
						LastSwiftMigration = 1000;
						ProvisioningStyle = Automatic;
						TestTargetID = A675B93B1F01F99500AD9219;
					};
					A675B95A1F01F99600AD9219 = {
						CreatedOnToolsVersion = 8.2.1;
						LastSwiftMigration = 1000;
						ProvisioningStyle = Automatic;
						TestTargetID = A675B93B1F01F99500AD9219;
					};
				};
			};
			buildConfigurationList = A675B9371F01F99500AD9219 /* Build configuration list for PBXProject "unsplashing" */;
			compatibilityVersion = "Xcode 3.2";
			developmentRegion = English;
			hasScannedForEncodings = 0;
			knownRegions = (
				en,
				Base,
			);
			mainGroup = A675B9331F01F99500AD9219;
			productRefGroup = A675B93D1F01F99600AD9219 /* Products */;
			projectDirPath = "";
			projectRoot = "";
			targets = (
				A675B93B1F01F99500AD9219 /* unsplashing */,
				A675B94F1F01F99600AD9219 /* unsplashingTests */,
				A675B95A1F01F99600AD9219 /* unsplashingUITests */,
			);
		};
/* End PBXProject section */

/* Begin PBXResourcesBuildPhase section */
		A675B93A1F01F99500AD9219 /* Resources */ = {
			isa = PBXResourcesBuildPhase;
			buildActionMask = 2147483647;
			files = (
				A675B94A1F01F99600AD9219 /* LaunchScreen.storyboard in Resources */,
				A675B9471F01F99600AD9219 /* Assets.xcassets in Resources */,
				A675B9451F01F99600AD9219 /* Main.storyboard in Resources */,
				A6358D82209807B200721C00 /* GoogleService-Info.plist in Resources */,
			);
			runOnlyForDeploymentPostprocessing = 0;
		};
		A675B94E1F01F99600AD9219 /* Resources */ = {
			isa = PBXResourcesBuildPhase;
			buildActionMask = 2147483647;
			files = (
			);
			runOnlyForDeploymentPostprocessing = 0;
		};
		A675B9591F01F99600AD9219 /* Resources */ = {
			isa = PBXResourcesBuildPhase;
			buildActionMask = 2147483647;
			files = (
			);
			runOnlyForDeploymentPostprocessing = 0;
		};
/* End PBXResourcesBuildPhase section */

/* Begin PBXShellScriptBuildPhase section */
		5B18A2E06C9B069BD43297BE /* [CP] Check Pods Manifest.lock */ = {
			isa = PBXShellScriptBuildPhase;
			buildActionMask = 2147483647;
			files = (
			);
			inputPaths = (
				"${PODS_PODFILE_DIR_PATH}/Podfile.lock",
				"${PODS_ROOT}/Manifest.lock",
			);
			name = "[CP] Check Pods Manifest.lock";
			outputPaths = (
				"$(DERIVED_FILE_DIR)/Pods-unsplashing-checkManifestLockResult.txt",
			);
			runOnlyForDeploymentPostprocessing = 0;
			shellPath = /bin/sh;
			shellScript = "diff \"${PODS_PODFILE_DIR_PATH}/Podfile.lock\" \"${PODS_ROOT}/Manifest.lock\" > /dev/null\nif [ $? != 0 ] ; then\n    # print error to STDERR\n    echo \"error: The sandbox is not in sync with the Podfile.lock. Run 'pod install' or update your CocoaPods installation.\" >&2\n    exit 1\nfi\n# This output is used by Xcode 'outputs' to avoid re-running this script phase.\necho \"SUCCESS\" > \"${SCRIPT_OUTPUT_FILE_0}\"\n";
			showEnvVarsInLog = 0;
		};
		5D2C5F0D331F78F894891A7A /* [CP] Check Pods Manifest.lock */ = {
			isa = PBXShellScriptBuildPhase;
			buildActionMask = 2147483647;
			files = (
			);
			inputPaths = (
				"${PODS_PODFILE_DIR_PATH}/Podfile.lock",
				"${PODS_ROOT}/Manifest.lock",
			);
			name = "[CP] Check Pods Manifest.lock";
			outputPaths = (
				"$(DERIVED_FILE_DIR)/Pods-unsplashingTests-checkManifestLockResult.txt",
			);
			runOnlyForDeploymentPostprocessing = 0;
			shellPath = /bin/sh;
			shellScript = "diff \"${PODS_PODFILE_DIR_PATH}/Podfile.lock\" \"${PODS_ROOT}/Manifest.lock\" > /dev/null\nif [ $? != 0 ] ; then\n    # print error to STDERR\n    echo \"error: The sandbox is not in sync with the Podfile.lock. Run 'pod install' or update your CocoaPods installation.\" >&2\n    exit 1\nfi\n# This output is used by Xcode 'outputs' to avoid re-running this script phase.\necho \"SUCCESS\" > \"${SCRIPT_OUTPUT_FILE_0}\"\n";
			showEnvVarsInLog = 0;
		};
		954BC3EA184FA76521CC5366 /* [CP] Embed Pods Frameworks */ = {
			isa = PBXShellScriptBuildPhase;
			buildActionMask = 2147483647;
			files = (
			);
			inputPaths = (
				"${SRCROOT}/Pods/Target Support Files/Pods-unsplashing/Pods-unsplashing-frameworks.sh",
				"${BUILT_PRODUCTS_DIR}/BoringSSL/openssl.framework",
				"${BUILT_PRODUCTS_DIR}/GoogleToolboxForMac/GoogleToolboxForMac.framework",
				"${BUILT_PRODUCTS_DIR}/Protobuf/Protobuf.framework",
				"${BUILT_PRODUCTS_DIR}/gRPC/GRPCClient.framework",
				"${BUILT_PRODUCTS_DIR}/gRPC-Core/grpc.framework",
				"${BUILT_PRODUCTS_DIR}/gRPC-ProtoRPC/ProtoRPC.framework",
				"${BUILT_PRODUCTS_DIR}/gRPC-RxLibrary/RxLibrary.framework",
				"${BUILT_PRODUCTS_DIR}/leveldb-library/leveldb.framework",
				"${BUILT_PRODUCTS_DIR}/nanopb/nanopb.framework",
			);
			name = "[CP] Embed Pods Frameworks";
			outputPaths = (
				"${TARGET_BUILD_DIR}/${FRAMEWORKS_FOLDER_PATH}/openssl.framework",
				"${TARGET_BUILD_DIR}/${FRAMEWORKS_FOLDER_PATH}/GoogleToolboxForMac.framework",
				"${TARGET_BUILD_DIR}/${FRAMEWORKS_FOLDER_PATH}/Protobuf.framework",
				"${TARGET_BUILD_DIR}/${FRAMEWORKS_FOLDER_PATH}/GRPCClient.framework",
				"${TARGET_BUILD_DIR}/${FRAMEWORKS_FOLDER_PATH}/grpc.framework",
				"${TARGET_BUILD_DIR}/${FRAMEWORKS_FOLDER_PATH}/ProtoRPC.framework",
				"${TARGET_BUILD_DIR}/${FRAMEWORKS_FOLDER_PATH}/RxLibrary.framework",
				"${TARGET_BUILD_DIR}/${FRAMEWORKS_FOLDER_PATH}/leveldb.framework",
				"${TARGET_BUILD_DIR}/${FRAMEWORKS_FOLDER_PATH}/nanopb.framework",
			);
			runOnlyForDeploymentPostprocessing = 0;
			shellPath = /bin/sh;
			shellScript = "\"${SRCROOT}/Pods/Target Support Files/Pods-unsplashing/Pods-unsplashing-frameworks.sh\"\n";
			showEnvVarsInLog = 0;
		};
		D57AC037ED4D85E27398510D /* [CP] Check Pods Manifest.lock */ = {
			isa = PBXShellScriptBuildPhase;
			buildActionMask = 2147483647;
			files = (
			);
			inputPaths = (
				"${PODS_PODFILE_DIR_PATH}/Podfile.lock",
				"${PODS_ROOT}/Manifest.lock",
			);
			name = "[CP] Check Pods Manifest.lock";
			outputPaths = (
				"$(DERIVED_FILE_DIR)/Pods-unsplashingUITests-checkManifestLockResult.txt",
			);
			runOnlyForDeploymentPostprocessing = 0;
			shellPath = /bin/sh;
			shellScript = "diff \"${PODS_PODFILE_DIR_PATH}/Podfile.lock\" \"${PODS_ROOT}/Manifest.lock\" > /dev/null\nif [ $? != 0 ] ; then\n    # print error to STDERR\n    echo \"error: The sandbox is not in sync with the Podfile.lock. Run 'pod install' or update your CocoaPods installation.\" >&2\n    exit 1\nfi\n# This output is used by Xcode 'outputs' to avoid re-running this script phase.\necho \"SUCCESS\" > \"${SCRIPT_OUTPUT_FILE_0}\"\n";
			showEnvVarsInLog = 0;
		};
/* End PBXShellScriptBuildPhase section */

/* Begin PBXSourcesBuildPhase section */
		A675B9381F01F99500AD9219 /* Sources */ = {
			isa = PBXSourcesBuildPhase;
			buildActionMask = 2147483647;
			files = (
				A6DE104A20D34C4600110661 /* Meal.swift in Sources */,
				A61DCEBF1F0F40D30072E5C9 /* TodayStatsViewController.swift in Sources */,
				A675B96E1F048F4300AD9219 /* addFoodPop.swift in Sources */,
				A6DE105220D3530900110661 /* MealDetailViewController.swift in Sources */,
				A675B9401F01F99600AD9219 /* AppDelegate.swift in Sources */,
				A6DE105620D35D3400110661 /* MealViewCell.swift in Sources */,
			);
			runOnlyForDeploymentPostprocessing = 0;
		};
		A675B94C1F01F99600AD9219 /* Sources */ = {
			isa = PBXSourcesBuildPhase;
			buildActionMask = 2147483647;
			files = (
				A675B9551F01F99600AD9219 /* unsplashingTests.swift in Sources */,
			);
			runOnlyForDeploymentPostprocessing = 0;
		};
		A675B9571F01F99600AD9219 /* Sources */ = {
			isa = PBXSourcesBuildPhase;
			buildActionMask = 2147483647;
			files = (
				A675B9601F01F99600AD9219 /* unsplashingUITests.swift in Sources */,
			);
			runOnlyForDeploymentPostprocessing = 0;
		};
/* End PBXSourcesBuildPhase section */

/* Begin PBXTargetDependency section */
		A675B9521F01F99600AD9219 /* PBXTargetDependency */ = {
			isa = PBXTargetDependency;
			target = A675B93B1F01F99500AD9219 /* unsplashing */;
			targetProxy = A675B9511F01F99600AD9219 /* PBXContainerItemProxy */;
		};
		A675B95D1F01F99600AD9219 /* PBXTargetDependency */ = {
			isa = PBXTargetDependency;
			target = A675B93B1F01F99500AD9219 /* unsplashing */;
			targetProxy = A675B95C1F01F99600AD9219 /* PBXContainerItemProxy */;
		};
/* End PBXTargetDependency section */

/* Begin PBXVariantGroup section */
		A675B9431F01F99600AD9219 /* Main.storyboard */ = {
			isa = PBXVariantGroup;
			children = (
				A675B9441F01F99600AD9219 /* Base */,
			);
			name = Main.storyboard;
			sourceTree = "<group>";
		};
		A675B9481F01F99600AD9219 /* LaunchScreen.storyboard */ = {
			isa = PBXVariantGroup;
			children = (
				A675B9491F01F99600AD9219 /* Base */,
			);
			name = LaunchScreen.storyboard;
			sourceTree = "<group>";
		};
/* End PBXVariantGroup section */

/* Begin XCBuildConfiguration section */
		A675B9621F01F99600AD9219 /* Debug */ = {
			isa = XCBuildConfiguration;
			buildSettings = {
				ALWAYS_SEARCH_USER_PATHS = NO;
				CLANG_ANALYZER_NONNULL = YES;
				CLANG_CXX_LANGUAGE_STANDARD = "gnu++0x";
				CLANG_CXX_LIBRARY = "libc++";
				CLANG_ENABLE_MODULES = YES;
				CLANG_ENABLE_OBJC_ARC = YES;
				CLANG_WARN_BOOL_CONVERSION = YES;
				CLANG_WARN_CONSTANT_CONVERSION = YES;
				CLANG_WARN_DIRECT_OBJC_ISA_USAGE = YES_ERROR;
				CLANG_WARN_DOCUMENTATION_COMMENTS = YES;
				CLANG_WARN_EMPTY_BODY = YES;
				CLANG_WARN_ENUM_CONVERSION = YES;
				CLANG_WARN_INFINITE_RECURSION = YES;
				CLANG_WARN_INT_CONVERSION = YES;
				CLANG_WARN_OBJC_ROOT_CLASS = YES_ERROR;
				CLANG_WARN_SUSPICIOUS_MOVE = YES;
				CLANG_WARN_UNREACHABLE_CODE = YES;
				CLANG_WARN__DUPLICATE_METHOD_MATCH = YES;
				"CODE_SIGN_IDENTITY[sdk=iphoneos*]" = "iPhone Developer";
				COPY_PHASE_STRIP = NO;
				DEBUG_INFORMATION_FORMAT = dwarf;
				ENABLE_STRICT_OBJC_MSGSEND = YES;
				ENABLE_TESTABILITY = YES;
				GCC_C_LANGUAGE_STANDARD = gnu99;
				GCC_DYNAMIC_NO_PIC = NO;
				GCC_NO_COMMON_BLOCKS = YES;
				GCC_OPTIMIZATION_LEVEL = 0;
				GCC_PREPROCESSOR_DEFINITIONS = (
					"DEBUG=1",
					"$(inherited)",
				);
				GCC_WARN_64_TO_32_BIT_CONVERSION = YES;
				GCC_WARN_ABOUT_RETURN_TYPE = YES_ERROR;
				GCC_WARN_UNDECLARED_SELECTOR = YES;
				GCC_WARN_UNINITIALIZED_AUTOS = YES_AGGRESSIVE;
				GCC_WARN_UNUSED_FUNCTION = YES;
				GCC_WARN_UNUSED_VARIABLE = YES;
				IPHONEOS_DEPLOYMENT_TARGET = 10.2;
				MTL_ENABLE_DEBUG_INFO = YES;
				ONLY_ACTIVE_ARCH = YES;
				SDKROOT = iphoneos;
				SWIFT_ACTIVE_COMPILATION_CONDITIONS = DEBUG;
				SWIFT_OPTIMIZATION_LEVEL = "-Onone";
				TARGETED_DEVICE_FAMILY = "1,2";
			};
			name = Debug;
		};
		A675B9631F01F99600AD9219 /* Release */ = {
			isa = XCBuildConfiguration;
			buildSettings = {
				ALWAYS_SEARCH_USER_PATHS = NO;
				CLANG_ANALYZER_NONNULL = YES;
				CLANG_CXX_LANGUAGE_STANDARD = "gnu++0x";
				CLANG_CXX_LIBRARY = "libc++";
				CLANG_ENABLE_MODULES = YES;
				CLANG_ENABLE_OBJC_ARC = YES;
				CLANG_WARN_BOOL_CONVERSION = YES;
				CLANG_WARN_CONSTANT_CONVERSION = YES;
				CLANG_WARN_DIRECT_OBJC_ISA_USAGE = YES_ERROR;
				CLANG_WARN_DOCUMENTATION_COMMENTS = YES;
				CLANG_WARN_EMPTY_BODY = YES;
				CLANG_WARN_ENUM_CONVERSION = YES;
				CLANG_WARN_INFINITE_RECURSION = YES;
				CLANG_WARN_INT_CONVERSION = YES;
				CLANG_WARN_OBJC_ROOT_CLASS = YES_ERROR;
				CLANG_WARN_SUSPICIOUS_MOVE = YES;
				CLANG_WARN_UNREACHABLE_CODE = YES;
				CLANG_WARN__DUPLICATE_METHOD_MATCH = YES;
				"CODE_SIGN_IDENTITY[sdk=iphoneos*]" = "iPhone Developer";
				COPY_PHASE_STRIP = NO;
				DEBUG_INFORMATION_FORMAT = "dwarf-with-dsym";
				ENABLE_NS_ASSERTIONS = NO;
				ENABLE_STRICT_OBJC_MSGSEND = YES;
				GCC_C_LANGUAGE_STANDARD = gnu99;
				GCC_NO_COMMON_BLOCKS = YES;
				GCC_WARN_64_TO_32_BIT_CONVERSION = YES;
				GCC_WARN_ABOUT_RETURN_TYPE = YES_ERROR;
				GCC_WARN_UNDECLARED_SELECTOR = YES;
				GCC_WARN_UNINITIALIZED_AUTOS = YES_AGGRESSIVE;
				GCC_WARN_UNUSED_FUNCTION = YES;
				GCC_WARN_UNUSED_VARIABLE = YES;
				IPHONEOS_DEPLOYMENT_TARGET = 10.2;
				MTL_ENABLE_DEBUG_INFO = NO;
				SDKROOT = iphoneos;
				SWIFT_OPTIMIZATION_LEVEL = "-Owholemodule";
				TARGETED_DEVICE_FAMILY = "1,2";
				VALIDATE_PRODUCT = YES;
			};
			name = Release;
		};
		A675B9651F01F99600AD9219 /* Debug */ = {
			isa = XCBuildConfiguration;
			baseConfigurationReference = DFA07AAF36C8F9ABC504ED1E /* Pods-unsplashing.debug.xcconfig */;
			buildSettings = {
				ASSETCATALOG_COMPILER_APPICON_NAME = AppIcon;
				CLANG_ENABLE_MODULES = YES;
				DEVELOPMENT_TEAM = 82Y7XLZ8VX;
				INFOPLIST_FILE = unsplashing/Info.plist;
				LD_RUNPATH_SEARCH_PATHS = "$(inherited) @executable_path/Frameworks";
				PRODUCT_BUNDLE_IDENTIFIER = NC.unsplashing;
				PRODUCT_NAME = "$(TARGET_NAME)";
				SWIFT_OBJC_BRIDGING_HEADER = "unsplashing/unsplashing-Bridging-Header.h";
				SWIFT_OPTIMIZATION_LEVEL = "-Onone";
				SWIFT_SWIFT3_OBJC_INFERENCE = On;
				SWIFT_VERSION = 4.2;
			};
			name = Debug;
		};
		A675B9661F01F99600AD9219 /* Release */ = {
			isa = XCBuildConfiguration;
			baseConfigurationReference = E815003D8EF62ABD9B4D9CA9 /* Pods-unsplashing.release.xcconfig */;
			buildSettings = {
				ASSETCATALOG_COMPILER_APPICON_NAME = AppIcon;
				CLANG_ENABLE_MODULES = YES;
				DEVELOPMENT_TEAM = 82Y7XLZ8VX;
				INFOPLIST_FILE = unsplashing/Info.plist;
				LD_RUNPATH_SEARCH_PATHS = "$(inherited) @executable_path/Frameworks";
				PRODUCT_BUNDLE_IDENTIFIER = NC.unsplashing;
				PRODUCT_NAME = "$(TARGET_NAME)";
				SWIFT_OBJC_BRIDGING_HEADER = "unsplashing/unsplashing-Bridging-Header.h";
				SWIFT_SWIFT3_OBJC_INFERENCE = On;
				SWIFT_VERSION = 4.2;
			};
			name = Release;
		};
		A675B9681F01F99600AD9219 /* Debug */ = {
			isa = XCBuildConfiguration;
			baseConfigurationReference = 5B2F8B2272F9D9BA8FBDC60F /* Pods-unsplashingTests.debug.xcconfig */;
			buildSettings = {
				ALWAYS_EMBED_SWIFT_STANDARD_LIBRARIES = YES;
				BUNDLE_LOADER = "$(TEST_HOST)";
				INFOPLIST_FILE = unsplashingTests/Info.plist;
				LD_RUNPATH_SEARCH_PATHS = "$(inherited) @executable_path/Frameworks @loader_path/Frameworks";
				PRODUCT_BUNDLE_IDENTIFIER = NC.unsplashingTests;
				PRODUCT_NAME = "$(TARGET_NAME)";
				SWIFT_SWIFT3_OBJC_INFERENCE = On;
				SWIFT_VERSION = 4.2;
				TEST_HOST = "$(BUILT_PRODUCTS_DIR)/unsplashing.app/unsplashing";
			};
			name = Debug;
		};
		A675B9691F01F99600AD9219 /* Release */ = {
			isa = XCBuildConfiguration;
			baseConfigurationReference = B4EA2D46C89A9C96C5538912 /* Pods-unsplashingTests.release.xcconfig */;
			buildSettings = {
				ALWAYS_EMBED_SWIFT_STANDARD_LIBRARIES = YES;
				BUNDLE_LOADER = "$(TEST_HOST)";
				INFOPLIST_FILE = unsplashingTests/Info.plist;
				LD_RUNPATH_SEARCH_PATHS = "$(inherited) @executable_path/Frameworks @loader_path/Frameworks";
				PRODUCT_BUNDLE_IDENTIFIER = NC.unsplashingTests;
				PRODUCT_NAME = "$(TARGET_NAME)";
				SWIFT_SWIFT3_OBJC_INFERENCE = On;
				SWIFT_VERSION = 4.2;
				TEST_HOST = "$(BUILT_PRODUCTS_DIR)/unsplashing.app/unsplashing";
			};
			name = Release;
		};
		A675B96B1F01F99600AD9219 /* Debug */ = {
			isa = XCBuildConfiguration;
			baseConfigurationReference = 8621DECEECF9004B6E1215A1 /* Pods-unsplashingUITests.debug.xcconfig */;
			buildSettings = {
				ALWAYS_EMBED_SWIFT_STANDARD_LIBRARIES = YES;
				INFOPLIST_FILE = unsplashingUITests/Info.plist;
				LD_RUNPATH_SEARCH_PATHS = "$(inherited) @executable_path/Frameworks @loader_path/Frameworks";
				PRODUCT_BUNDLE_IDENTIFIER = NC.unsplashingUITests;
				PRODUCT_NAME = "$(TARGET_NAME)";
				SWIFT_SWIFT3_OBJC_INFERENCE = On;
				SWIFT_VERSION = 4.2;
				TEST_TARGET_NAME = unsplashing;
			};
			name = Debug;
		};
		A675B96C1F01F99600AD9219 /* Release */ = {
			isa = XCBuildConfiguration;
			baseConfigurationReference = 72DCF02915A345975DDC6A34 /* Pods-unsplashingUITests.release.xcconfig */;
			buildSettings = {
				ALWAYS_EMBED_SWIFT_STANDARD_LIBRARIES = YES;
				INFOPLIST_FILE = unsplashingUITests/Info.plist;
				LD_RUNPATH_SEARCH_PATHS = "$(inherited) @executable_path/Frameworks @loader_path/Frameworks";
				PRODUCT_BUNDLE_IDENTIFIER = NC.unsplashingUITests;
				PRODUCT_NAME = "$(TARGET_NAME)";
				SWIFT_SWIFT3_OBJC_INFERENCE = On;
				SWIFT_VERSION = 4.2;
				TEST_TARGET_NAME = unsplashing;
			};
			name = Release;
		};
/* End XCBuildConfiguration section */

/* Begin XCConfigurationList section */
		A675B9371F01F99500AD9219 /* Build configuration list for PBXProject "unsplashing" */ = {
			isa = XCConfigurationList;
			buildConfigurations = (
				A675B9621F01F99600AD9219 /* Debug */,
				A675B9631F01F99600AD9219 /* Release */,
			);
			defaultConfigurationIsVisible = 0;
			defaultConfigurationName = Release;
		};
		A675B9641F01F99600AD9219 /* Build configuration list for PBXNativeTarget "unsplashing" */ = {
			isa = XCConfigurationList;
			buildConfigurations = (
				A675B9651F01F99600AD9219 /* Debug */,
				A675B9661F01F99600AD9219 /* Release */,
			);
			defaultConfigurationIsVisible = 0;
			defaultConfigurationName = Release;
		};
		A675B9671F01F99600AD9219 /* Build configuration list for PBXNativeTarget "unsplashingTests" */ = {
			isa = XCConfigurationList;
			buildConfigurations = (
				A675B9681F01F99600AD9219 /* Debug */,
				A675B9691F01F99600AD9219 /* Release */,
			);
			defaultConfigurationIsVisible = 0;
			defaultConfigurationName = Release;
		};
		A675B96A1F01F99600AD9219 /* Build configuration list for PBXNativeTarget "unsplashingUITests" */ = {
			isa = XCConfigurationList;
			buildConfigurations = (
				A675B96B1F01F99600AD9219 /* Debug */,
				A675B96C1F01F99600AD9219 /* Release */,
			);
			defaultConfigurationIsVisible = 0;
			defaultConfigurationName = Release;
		};
/* End XCConfigurationList section */
	};
	rootObject = A675B9341F01F99500AD9219 /* Project object */;
}
